
Microsoft Visual Studio Solution File, Format Version 11.00
# Visual Studio 2010
Project("{2150E333-8FDC-42A3-9474-1A3956D46DE8}") = "ThirdParty", "ThirdParty", "{C1ADA293-B55A-4B33-AE5A-6FC40323FC39}"
	ProjectSection(SolutionItems) = preProject
		ThirdParty\NLog.dll = ThirdParty\NLog.dll
	EndProjectSection
EndProject
Project("{FAE04EC0-301F-11D3-BF4B-00C04F79EFBC}") = "LiquesceFTPSvc", "LiquesceFTPSvc\LiquesceFTPSvc.csproj", "{EB77E732-31EA-4B6D-B353-093DC6CF06F3}"
EndProject
Project("{FAE04EC0-301F-11D3-BF4B-00C04F79EFBC}") = "LiquesceFTPFacade", "LiquesceFTPFacade\LiquesceFTPFacade.csproj", "{CFE5DC7B-25FB-45C4-AF18-1963853375E1}"
EndProject
Project("{FAE04EC0-301F-11D3-BF4B-00C04F79EFBC}") = "LiquesceFTPMgr", "LiquesceFTPMgr\LiquesceFTPMgr.csproj", "{74447D1D-F52F-485C-BDEE-66B114A45460}"
EndProject
Project("{FAE04EC0-301F-11D3-BF4B-00C04F79EFBC}") = "LiquesceFTPTray", "LiquesceFTPTray\LiquesceFTPTray.csproj", "{3B495DA8-B86F-4249-B94A-05B6FA01303F}"
EndProject
Project("{930C7802-8A8C-48F9-8165-68863BCCD9DD}") = "LiquesceFTP_Setup", "LiquesceFTP_Setup\LiquesceFTP_Setup.wixproj", "{EF06E5CB-374E-4E67-9057-785A3B7DAD5A}"
EndProject
Global
	GlobalSection(TeamFoundationVersionControl) = preSolution
		SccNumberOfProjects = 6
		SccEnterpriseProvider = {4CA58AB2-18FA-4F8D-95D4-32DDF27D184C}
		SccTeamFoundationServer = https://tfs.codeplex.com/tfs/tfs08
		SccLocalPath0 = .
		SccProjectUniqueName1 = LiquesceFTPFacade\\LiquesceFTPFacade.csproj
		SccProjectName1 = LiquesceFTPFacade
		SccLocalPath1 = LiquesceFTPFacade
		SccProjectUniqueName2 = LiquesceFTPMgr\\LiquesceFTPMgr.csproj
		SccProjectName2 = LiquesceFTPMgr
		SccLocalPath2 = LiquesceFTPMgr
		SccProjectUniqueName3 = LiquesceFTPSvc\\LiquesceFTPSvc.csproj
		SccProjectName3 = LiquesceFTPSvc
		SccLocalPath3 = LiquesceFTPSvc
		SccProjectUniqueName4 = LiquesceFTPTray\\LiquesceFTPTray.csproj
		SccProjectName4 = LiquesceFTPTray
		SccLocalPath4 = LiquesceFTPTray
		SccProjectUniqueName5 = LiquesceFTP_Setup\\LiquesceFTP_Setup.wixproj
		SccProjectName5 = LiquesceFTP_Setup
		SccLocalPath5 = LiquesceFTP_Setup
	EndGlobalSection
	GlobalSection(SolutionConfigurationPlatforms) = preSolution
		Debug|Any CPU = Debug|Any CPU
		Release|Any CPU = Release|Any CPU
	EndGlobalSection
	GlobalSection(ProjectConfigurationPlatforms) = postSolution
		{EB77E732-31EA-4B6D-B353-093DC6CF06F3}.Debug|Any CPU.ActiveCfg = Debug|Any CPU
		{EB77E732-31EA-4B6D-B353-093DC6CF06F3}.Debug|Any CPU.Build.0 = Debug|Any CPU
		{EB77E732-31EA-4B6D-B353-093DC6CF06F3}.Release|Any CPU.ActiveCfg = Release|Any CPU
		{EB77E732-31EA-4B6D-B353-093DC6CF06F3}.Release|Any CPU.Build.0 = Release|Any CPU
		{CFE5DC7B-25FB-45C4-AF18-1963853375E1}.Debug|Any CPU.ActiveCfg = Debug|Any CPU
		{CFE5DC7B-25FB-45C4-AF18-1963853375E1}.Debug|Any CPU.Build.0 = Debug|Any CPU
		{CFE5DC7B-25FB-45C4-AF18-1963853375E1}.Release|Any CPU.ActiveCfg = Release|Any CPU
		{CFE5DC7B-25FB-45C4-AF18-1963853375E1}.Release|Any CPU.Build.0 = Release|Any CPU
		{74447D1D-F52F-485C-BDEE-66B114A45460}.Debug|Any CPU.ActiveCfg = Debug|Any CPU
		{74447D1D-F52F-485C-BDEE-66B114A45460}.Debug|Any CPU.Build.0 = Debug|Any CPU
		{74447D1D-F52F-485C-BDEE-66B114A45460}.Release|Any CPU.ActiveCfg = Release|Any CPU
		{74447D1D-F52F-485C-BDEE-66B114A45460}.Release|Any CPU.Build.0 = Release|Any CPU
		{3B495DA8-B86F-4249-B94A-05B6FA01303F}.Debug|Any CPU.ActiveCfg = Debug|Any CPU
		{3B495DA8-B86F-4249-B94A-05B6FA01303F}.Debug|Any CPU.Build.0 = Debug|Any CPU
		{3B495DA8-B86F-4249-B94A-05B6FA01303F}.Release|Any CPU.ActiveCfg = Release|Any CPU
		{3B495DA8-B86F-4249-B94A-05B6FA01303F}.Release|Any CPU.Build.0 = Release|Any CPU
		{EF06E5CB-374E-4E67-9057-785A3B7DAD5A}.Debug|Any CPU.ActiveCfg = Debug|x86
		{EF06E5CB-374E-4E67-9057-785A3B7DAD5A}.Release|Any CPU.ActiveCfg = Release|x86
		{EF06E5CB-374E-4E67-9057-785A3B7DAD5A}.Release|Any CPU.Build.0 = Release|x86
	EndGlobalSection
	GlobalSection(SolutionProperties) = preSolution
		HideSolutionNode = FALSE
	EndGlobalSection
	GlobalSection(ExtensibilityGlobals) = postSolution
		BuildVersion_BuildVersioningStyle = YearStamp.MonthStamp.DayStamp.Increment
		BuildVersion_AssemblyInfoFilename = ..\Liquesce\LiquesceSvc\Properties\AssemblyInfo.cs
		BuildVersion_UseGlobalSettings = False
	EndGlobalSection
EndGlobal
